// !$*UTF8*$!
{
	archiveVersion = 1;
	classes = {
	};
	objectVersion = 55;
	objects = {

/* Begin PBXBuildFile section */
		FA7D6DED279FD620008E33FC /* AppDelegate.swift in Sources */ = {isa = PBXBuildFile; fileRef = FA7D6DEC279FD620008E33FC /* AppDelegate.swift */; };
		FA7D6DEF279FD620008E33FC /* SceneDelegate.swift in Sources */ = {isa = PBXBuildFile; fileRef = FA7D6DEE279FD620008E33FC /* SceneDelegate.swift */; };
		FA7D6DF6279FD620008E33FC /* Assets.xcassets in Resources */ = {isa = PBXBuildFile; fileRef = FA7D6DF5279FD620008E33FC /* Assets.xcassets */; };
		FA7D6DF9279FD620008E33FC /* LaunchScreen.storyboard in Resources */ = {isa = PBXBuildFile; fileRef = FA7D6DF7279FD620008E33FC /* LaunchScreen.storyboard */; };
		FA7D6E04279FD70B008E33FC /* dark_background.pdf in Resources */ = {isa = PBXBuildFile; fileRef = FA7D6E03279FD70B008E33FC /* dark_background.pdf */; };
		FA7D6E07279FD772008E33FC /* WeatherViewController.swift in Sources */ = {isa = PBXBuildFile; fileRef = FA7D6E06279FD772008E33FC /* WeatherViewController.swift */; };
		FA7D6E0B279FD78F008E33FC /* Main.storyboard in Resources */ = {isa = PBXBuildFile; fileRef = FA7D6E09279FD78F008E33FC /* Main.storyboard */; };
		FA7D6E0D279FD830008E33FC /* light_background.pdf in Resources */ = {isa = PBXBuildFile; fileRef = FA7D6E0C279FD830008E33FC /* light_background.pdf */; };
		FA7D6E0F279FD876008E33FC /* WeatherManager.swift in Sources */ = {isa = PBXBuildFile; fileRef = FA7D6E0E279FD876008E33FC /* WeatherManager.swift */; };
		FA7D6E11279FD87F008E33FC /* WeatherData.swift in Sources */ = {isa = PBXBuildFile; fileRef = FA7D6E10279FD87F008E33FC /* WeatherData.swift */; };
		FA7D6E13279FD888008E33FC /* WeatherModel.swift in Sources */ = {isa = PBXBuildFile; fileRef = FA7D6E12279FD888008E33FC /* WeatherModel.swift */; };
/* End PBXBuildFile section */

/* Begin PBXFileReference section */
		FA7D6DE9279FD620008E33FC /* Get Live Your Weather.app */ = {isa = PBXFileReference; explicitFileType = wrapper.application; includeInIndex = 0; path = "Get Live Your Weather.app"; sourceTree = BUILT_PRODUCTS_DIR; };
		FA7D6DEC279FD620008E33FC /* AppDelegate.swift */ = {isa = PBXFileReference; lastKnownFileType = sourcecode.swift; path = AppDelegate.swift; sourceTree = "<group>"; };
		FA7D6DEE279FD620008E33FC /* SceneDelegate.swift */ = {isa = PBXFileReference; lastKnownFileType = sourcecode.swift; path = SceneDelegate.swift; sourceTree = "<group>"; };
		FA7D6DF5279FD620008E33FC /* Assets.xcassets */ = {isa = PBXFileReference; lastKnownFileType = folder.assetcatalog; path = Assets.xcassets; sourceTree = "<group>"; };
		FA7D6DF8279FD620008E33FC /* Base */ = {isa = PBXFileReference; lastKnownFileType = file.storyboard; name = Base; path = Base.lproj/LaunchScreen.storyboard; sourceTree = "<group>"; };
		FA7D6DFA279FD620008E33FC /* Info.plist */ = {isa = PBXFileReference; lastKnownFileType = text.plist.xml; path = Info.plist; sourceTree = "<group>"; };
		FA7D6E03279FD70B008E33FC /* dark_background.pdf */ = {isa = PBXFileReference; lastKnownFileType = image.pdf; path = dark_background.pdf; sourceTree = "<group>"; };
		FA7D6E06279FD772008E33FC /* WeatherViewController.swift */ = {isa = PBXFileReference; fileEncoding = 4; lastKnownFileType = sourcecode.swift; path = WeatherViewController.swift; sourceTree = "<group>"; };
		FA7D6E0A279FD78F008E33FC /* Base */ = {isa = PBXFileReference; lastKnownFileType = file.storyboard; name = Base; path = Base.lproj/Main.storyboard; sourceTree = "<group>"; };
		FA7D6E0C279FD830008E33FC /* light_background.pdf */ = {isa = PBXFileReference; lastKnownFileType = image.pdf; path = light_background.pdf; sourceTree = "<group>"; };
		FA7D6E0E279FD876008E33FC /* WeatherManager.swift */ = {isa = PBXFileReference; fileEncoding = 4; lastKnownFileType = sourcecode.swift; path = WeatherManager.swift; sourceTree = "<group>"; };
		FA7D6E10279FD87F008E33FC /* WeatherData.swift */ = {isa = PBXFileReference; fileEncoding = 4; lastKnownFileType = sourcecode.swift; path = WeatherData.swift; sourceTree = "<group>"; };
		FA7D6E12279FD888008E33FC /* WeatherModel.swift */ = {isa = PBXFileReference; fileEncoding = 4; lastKnownFileType = sourcecode.swift; path = WeatherModel.swift; sourceTree = "<group>"; };
/* End PBXFileReference section */

/* Begin PBXFrameworksBuildPhase section */
		FA7D6DE6279FD620008E33FC /* Frameworks */ = {
			isa = PBXFrameworksBuildPhase;
			buildActionMask = 2147483647;
			files = (
			);
			runOnlyForDeploymentPostprocessing = 0;
		};
/* End PBXFrameworksBuildPhase section */

/* Begin PBXGroup section */
		FA7D6DE0279FD620008E33FC = {
			isa = PBXGroup;
			children = (
				FA7D6DEB279FD620008E33FC /* Get Live Your Weather */,
				FA7D6DEA279FD620008E33FC /* Products */,
			);
			sourceTree = "<group>";
		};
		FA7D6DEA279FD620008E33FC /* Products */ = {
			isa = PBXGroup;
			children = (
				FA7D6DE9279FD620008E33FC /* Get Live Your Weather.app */,
			);
			name = Products;
			sourceTree = "<group>";
		};
		FA7D6DEB279FD620008E33FC /* Get Live Your Weather */ = {
			isa = PBXGroup;
			children = (
				FA7D6DEC279FD620008E33FC /* AppDelegate.swift */,
				FA7D6DEE279FD620008E33FC /* SceneDelegate.swift */,
				FA7D6E00279FD67E008E33FC /* Model */,
				FA7D6E08279FD78F008E33FC /* View */,
				FA7D6E05279FD772008E33FC /* Controller */,
				FA7D6DF5279FD620008E33FC /* Assets.xcassets */,
				FA7D6DF7279FD620008E33FC /* LaunchScreen.storyboard */,
				FA7D6DFA279FD620008E33FC /* Info.plist */,
				FA7D6E03279FD70B008E33FC /* dark_background.pdf */,
				FA7D6E0C279FD830008E33FC /* light_background.pdf */,
			);
			path = "Get Live Your Weather";
			sourceTree = "<group>";
		};
		FA7D6E00279FD67E008E33FC /* Model */ = {
			isa = PBXGroup;
			children = (
				FA7D6E0E279FD876008E33FC /* WeatherManager.swift */,
				FA7D6E10279FD87F008E33FC /* WeatherData.swift */,
				FA7D6E12279FD888008E33FC /* WeatherModel.swift */,
			);
			name = Model;
			sourceTree = "<group>";
		};
		FA7D6E05279FD772008E33FC /* Controller */ = {
			isa = PBXGroup;
			children = (
				FA7D6E06279FD772008E33FC /* WeatherViewController.swift */,
			);
			path = Controller;
			sourceTree = "<group>";
		};
		FA7D6E08279FD78F008E33FC /* View */ = {
			isa = PBXGroup;
			children = (
				FA7D6E09279FD78F008E33FC /* Main.storyboard */,
			);
			name = View;
			path = Controller/View;
			sourceTree = "<group>";
		};
/* End PBXGroup section */

/* Begin PBXNativeTarget section */
		FA7D6DE8279FD620008E33FC /* Get Live Your Weather */ = {
			isa = PBXNativeTarget;
			buildConfigurationList = FA7D6DFD279FD620008E33FC /* Build configuration list for PBXNativeTarget "Get Live Your Weather" */;
			buildPhases = (
				FA7D6DE5279FD620008E33FC /* Sources */,
				FA7D6DE6279FD620008E33FC /* Frameworks */,
				FA7D6DE7279FD620008E33FC /* Resources */,
			);
			buildRules = (
			);
			dependencies = (
			);
			name = "Get Live Your Weather";
			productName = "Get Live Your Weather";
			productReference = FA7D6DE9279FD620008E33FC /* Get Live Your Weather.app */;
			productType = "com.apple.product-type.application";
		};
/* End PBXNativeTarget section */

/* Begin PBXProject section */
		FA7D6DE1279FD620008E33FC /* Project object */ = {
			isa = PBXProject;
			attributes = {
				BuildIndependentTargetsInParallel = 1;
				LastSwiftUpdateCheck = 1320;
				LastUpgradeCheck = 1320;
				TargetAttributes = {
					FA7D6DE8279FD620008E33FC = {
						CreatedOnToolsVersion = 13.2.1;
					};
				};
			};
			buildConfigurationList = FA7D6DE4279FD620008E33FC /* Build configuration list for PBXProject "Get Live Your Weather" */;
			compatibilityVersion = "Xcode 13.0";
			developmentRegion = en;
			hasScannedForEncodings = 0;
			knownRegions = (
				en,
				Base,
			);
			mainGroup = FA7D6DE0279FD620008E33FC;
			productRefGroup = FA7D6DEA279FD620008E33FC /* Products */;
			projectDirPath = "";
			projectRoot = "";
			targets = (
				FA7D6DE8279FD620008E33FC /* Get Live Your Weather */,
			);
		};
/* End PBXProject section */

/* Begin PBXResourcesBuildPhase section */
		FA7D6DE7279FD620008E33FC /* Resources */ = {
			isa = PBXResourcesBuildPhase;
			buildActionMask = 2147483647;
			files = (
				FA7D6E0D279FD830008E33FC /* light_background.pdf in Resources */,
				FA7D6E04279FD70B008E33FC /* dark_background.pdf in Resources */,
				FA7D6E0B279FD78F008E33FC /* Main.storyboard in Resources */,
				FA7D6DF9279FD620008E33FC /* LaunchScreen.storyboard in Resources */,
				FA7D6DF6279FD620008E33FC /* Assets.xcassets in Resources */,
			);
			runOnlyForDeploymentPostprocessing = 0;
		};
/* End PBXResourcesBuildPhase section */

/* Begin PBXSourcesBuildPhase section */
		FA7D6DE5279FD620008E33FC /* Sources */ = {
			isa = PBXSourcesBuildPhase;
			buildActionMask = 2147483647;
			files = (
				FA7D6E07279FD772008E33FC /* WeatherViewController.swift in Sources */,
				FA7D6E11279FD87F008E33FC /* WeatherData.swift in Sources */,
				FA7D6DED279FD620008E33FC /* AppDelegate.swift in Sources */,
				FA7D6E0F279FD876008E33FC /* WeatherManager.swift in Sources */,
				FA7D6E13279FD888008E33FC /* WeatherModel.swift in Sources */,
				FA7D6DEF279FD620008E33FC /* SceneDelegate.swift in Sources */,
			);
			runOnlyForDeploymentPostprocessing = 0;
		};
/* End PBXSourcesBuildPhase section */

/* Begin PBXVariantGroup section */
		FA7D6DF7279FD620008E33FC /* LaunchScreen.storyboard */ = {
			isa = PBXVariantGroup;
			children = (
				FA7D6DF8279FD620008E33FC /* Base */,
			);
			name = LaunchScreen.storyboard;
			sourceTree = "<group>";
		};
		FA7D6E09279FD78F008E33FC /* Main.storyboard */ = {
			isa = PBXVariantGroup;
			children = (
				FA7D6E0A279FD78F008E33FC /* Base */,
			);
			name = Main.storyboard;
			sourceTree = "<group>";
		};
/* End PBXVariantGroup section */

/* Begin XCBuildConfiguration section */
		FA7D6DFB279FD620008E33FC /* Debug */ = {
			isa = XCBuildConfiguration;
			buildSettings = {
				ALWAYS_SEARCH_USER_PATHS = NO;
				CLANG_ANALYZER_NONNULL = YES;
				CLANG_ANALYZER_NUMBER_OBJECT_CONVERSION = YES_AGGRESSIVE;
				CLANG_CXX_LANGUAGE_STANDARD = "gnu++17";
				CLANG_CXX_LIBRARY = "libc++";
				CLANG_ENABLE_MODULES = YES;
				CLANG_ENABLE_OBJC_ARC = YES;
				CLANG_ENABLE_OBJC_WEAK = YES;
				CLANG_WARN_BLOCK_CAPTURE_AUTORELEASING = YES;
				CLANG_WARN_BOOL_CONVERSION = YES;
				CLANG_WARN_COMMA = YES;
				CLANG_WARN_CONSTANT_CONVERSION = YES;
				CLANG_WARN_DEPRECATED_OBJC_IMPLEMENTATIONS = YES;
				CLANG_WARN_DIRECT_OBJC_ISA_USAGE = YES_ERROR;
				CLANG_WARN_DOCUMENTATION_COMMENTS = YES;
				CLANG_WARN_EMPTY_BODY = YES;
				CLANG_WARN_ENUM_CONVERSION = YES;
				CLANG_WARN_INFINITE_RECURSION = YES;
				CLANG_WARN_INT_CONVERSION = YES;
				CLANG_WARN_NON_LITERAL_NULL_CONVERSION = YES;
				CLANG_WARN_OBJC_IMPLICIT_RETAIN_SELF = YES;
				CLANG_WARN_OBJC_LITERAL_CONVERSION = YES;
				CLANG_WARN_OBJC_ROOT_CLASS = YES_ERROR;
				CLANG_WARN_QUOTED_INCLUDE_IN_FRAMEWORK_HEADER = YES;
				CLANG_WARN_RANGE_LOOP_ANALYSIS = YES;
				CLANG_WARN_STRICT_PROTOTYPES = YES;
				CLANG_WARN_SUSPICIOUS_MOVE = YES;
				CLANG_WARN_UNGUARDED_AVAILABILITY = YES_AGGRESSIVE;
				CLANG_WARN_UNREACHABLE_CODE = YES;
				CLANG_WARN__DUPLICATE_METHOD_MATCH = YES;
				COPY_PHASE_STRIP = NO;
				DEBUG_INFORMATION_FORMAT = dwarf;
				ENABLE_STRICT_OBJC_MSGSEND = YES;
				ENABLE_TESTABILITY = YES;
				GCC_C_LANGUAGE_STANDARD = gnu11;
				GCC_DYNAMIC_NO_PIC = NO;
				GCC_NO_COMMON_BLOCKS = YES;
				GCC_OPTIMIZATION_LEVEL = 0;
				GCC_PREPROCESSOR_DEFINITIONS = (
					"DEBUG=1",
					"$(inherited)",
				);
				GCC_WARN_64_TO_32_BIT_CONVERSION = YES;
				GCC_WARN_ABOUT_RETURN_TYPE = YES_ERROR;
				GCC_WARN_UNDECLARED_SELECTOR = YES;
				GCC_WARN_UNINITIALIZED_AUTOS = YES_AGGRESSIVE;
				GCC_WARN_UNUSED_FUNCTION = YES;
				GCC_WARN_UNUSED_VARIABLE = YES;
				IPHONEOS_DEPLOYMENT_TARGET = 15.2;
				MTL_ENABLE_DEBUG_INFO = INCLUDE_SOURCE;
				MTL_FAST_MATH = YES;
				ONLY_ACTIVE_ARCH = YES;
				SDKROOT = iphoneos;
				SWIFT_ACTIVE_COMPILATION_CONDITIONS = DEBUG;
				SWIFT_OPTIMIZATION_LEVEL = "-Onone";
			};
			name = Debug;
		};
		FA7D6DFC279FD620008E33FC /* Release */ = {
			isa = XCBuildConfiguration;
			buildSettings = {
				ALWAYS_SEARCH_USER_PATHS = NO;
				CLANG_ANALYZER_NONNULL = YES;
				CLANG_ANALYZER_NUMBER_OBJECT_CONVERSION = YES_AGGRESSIVE;
				CLANG_CXX_LANGUAGE_STANDARD = "gnu++17";
				CLANG_CXX_LIBRARY = "libc++";
				CLANG_ENABLE_MODULES = YES;
				CLANG_ENABLE_OBJC_ARC = YES;
				CLANG_ENABLE_OBJC_WEAK = YES;
				CLANG_WARN_BLOCK_CAPTURE_AUTORELEASING = YES;
				CLANG_WARN_BOOL_CONVERSION = YES;
				CLANG_WARN_COMMA = YES;
				CLANG_WARN_CONSTANT_CONVERSION = YES;
				CLANG_WARN_DEPRECATED_OBJC_IMPLEMENTATIONS = YES;
				CLANG_WARN_DIRECT_OBJC_ISA_USAGE = YES_ERROR;
				CLANG_WARN_DOCUMENTATION_COMMENTS = YES;
				CLANG_WARN_EMPTY_BODY = YES;
				CLANG_WARN_ENUM_CONVERSION = YES;
				CLANG_WARN_INFINITE_RECURSION = YES;
				CLANG_WARN_INT_CONVERSION = YES;
				CLANG_WARN_NON_LITERAL_NULL_CONVERSION = YES;
				CLANG_WARN_OBJC_IMPLICIT_RETAIN_SELF = YES;
				CLANG_WARN_OBJC_LITERAL_CONVERSION = YES;
				CLANG_WARN_OBJC_ROOT_CLASS = YES_ERROR;
				CLANG_WARN_QUOTED_INCLUDE_IN_FRAMEWORK_HEADER = YES;
				CLANG_WARN_RANGE_LOOP_ANALYSIS = YES;
				CLANG_WARN_STRICT_PROTOTYPES = YES;
				CLANG_WARN_SUSPICIOUS_MOVE = YES;
				CLANG_WARN_UNGUARDED_AVAILABILITY = YES_AGGRESSIVE;
				CLANG_WARN_UNREACHABLE_CODE = YES;
				CLANG_WARN__DUPLICATE_METHOD_MATCH = YES;
				COPY_PHASE_STRIP = NO;
				DEBUG_INFORMATION_FORMAT = "dwarf-with-dsym";
				ENABLE_NS_ASSERTIONS = NO;
				ENABLE_STRICT_OBJC_MSGSEND = YES;
				GCC_C_LANGUAGE_STANDARD = gnu11;
				GCC_NO_COMMON_BLOCKS = YES;
				GCC_WARN_64_TO_32_BIT_CONVERSION = YES;
				GCC_WARN_ABOUT_RETURN_TYPE = YES_ERROR;
				GCC_WARN_UNDECLARED_SELECTOR = YES;
				GCC_WARN_UNINITIALIZED_AUTOS = YES_AGGRESSIVE;
				GCC_WARN_UNUSED_FUNCTION = YES;
				GCC_WARN_UNUSED_VARIABLE = YES;
				IPHONEOS_DEPLOYMENT_TARGET = 15.2;
				MTL_ENABLE_DEBUG_INFO = NO;
				MTL_FAST_MATH = YES;
				SDKROOT = iphoneos;
				SWIFT_COMPILATION_MODE = wholemodule;
				SWIFT_OPTIMIZATION_LEVEL = "-O";
				VALIDATE_PRODUCT = YES;
			};
			name = Release;
		};
		FA7D6DFE279FD620008E33FC /* Debug */ = {
			isa = XCBuildConfiguration;
			buildSettings = {
				ASSETCATALOG_COMPILER_APPICON_NAME = AppIcon;
				ASSETCATALOG_COMPILER_GLOBAL_ACCENT_COLOR_NAME = AccentColor;
				CODE_SIGN_STYLE = Automatic;
				CURRENT_PROJECT_VERSION = 1;
				DEVELOPMENT_TEAM = 38U32J8338;
				GENERATE_INFOPLIST_FILE = YES;
				INFOPLIST_FILE = "Get Live Your Weather/Info.plist";
				INFOPLIST_KEY_UIApplicationSupportsIndirectInputEvents = YES;
				INFOPLIST_KEY_UILaunchStoryboardName = LaunchScreen;
				INFOPLIST_KEY_UIMainStoryboardFile = Main;
				INFOPLIST_KEY_UISupportedInterfaceOrientations_iPad = "UIInterfaceOrientationPortrait UIInterfaceOrientationPortraitUpsideDown UIInterfaceOrientationLandscapeLeft UIInterfaceOrientationLandscapeRight";
				INFOPLIST_KEY_UISupportedInterfaceOrientations_iPhone = "UIInterfaceOrientationPortrait UIInterfaceOrientationLandscapeLeft UIInterfaceOrientationLandscapeRight";
				LD_RUNPATH_SEARCH_PATHS = (
					"$(inherited)",
					"@executable_path/Frameworks",
				);
				MARKETING_VERSION = 1.0;
				PRODUCT_BUNDLE_IDENTIFIER = "com.kanha.Get-Live-Your-Weather";
				PRODUCT_NAME = "$(TARGET_NAME)";
				SWIFT_EMIT_LOC_STRINGS = YES;
				SWIFT_VERSION = 5.0;
				TARGETED_DEVICE_FAMILY = "1,2";
			};
			name = Debug;
		};
		FA7D6DFF279FD620008E33FC /* Release */ = {
			isa = XCBuildConfiguration;
			buildSettings = {
				ASSETCATALOG_COMPILER_APPICON_NAME = AppIcon;
				ASSETCATALOG_COMPILER_GLOBAL_ACCENT_COLOR_NAME = AccentColor;
				CODE_SIGN_STYLE = Automatic;
				CURRENT_PROJECT_VERSION = 1;
				DEVELOPMENT_TEAM = 38U32J8338;
				GENERATE_INFOPLIST_FILE = YES;
				INFOPLIST_FILE = "Get Live Your Weather/Info.plist";
				INFOPLIST_KEY_UIApplicationSupportsIndirectInputEvents = YES;
				INFOPLIST_KEY_UILaunchStoryboardName = LaunchScreen;
				INFOPLIST_KEY_UIMainStoryboardFile = Main;
				INFOPLIST_KEY_UISupportedInterfaceOrientations_iPad = "UIInterfaceOrientationPortrait UIInterfaceOrientationPortraitUpsideDown UIInterfaceOrientationLandscapeLeft UIInterfaceOrientationLandscapeRight";
				INFOPLIST_KEY_UISupportedInterfaceOrientations_iPhone = "UIInterfaceOrientationPortrait UIInterfaceOrientationLandscapeLeft UIInterfaceOrientationLandscapeRight";
				LD_RUNPATH_SEARCH_PATHS = (
					"$(inherited)",
					"@executable_path/Frameworks",
				);
				MARKETING_VERSION = 1.0;
				PRODUCT_BUNDLE_IDENTIFIER = "com.kanha.Get-Live-Your-Weather";
				PRODUCT_NAME = "$(TARGET_NAME)";
				SWIFT_EMIT_LOC_STRINGS = YES;
				SWIFT_VERSION = 5.0;
				TARGETED_DEVICE_FAMILY = "1,2";
			};
			name = Release;
		};
/* End XCBuildConfiguration section */

/* Begin XCConfigurationList section */
		FA7D6DE4279FD620008E33FC /* Build configuration list for PBXProject "Get Live Your Weather" */ = {
			isa = XCConfigurationList;
			buildConfigurations = (
				FA7D6DFB279FD620008E33FC /* Debug */,
				FA7D6DFC279FD620008E33FC /* Release */,
			);
			defaultConfigurationIsVisible = 0;
			defaultConfigurationName = Release;
		};
		FA7D6DFD279FD620008E33FC /* Build configuration list for PBXNativeTarget "Get Live Your Weather" */ = {
			isa = XCConfigurationList;
			buildConfigurations = (
				FA7D6DFE279FD620008E33FC /* Debug */,
				FA7D6DFF279FD620008E33FC /* Release */,
			);
			defaultConfigurationIsVisible = 0;
			defaultConfigurationName = Release;
		};
/* End XCConfigurationList section */
	};
	rootObject = FA7D6DE1279FD620008E33FC /* Project object */;
}
